
Microsoft Visual Studio Solution File, Format Version 12.00
# Visual Studio Version 16
VisualStudioVersion = 16.0.30907.101
MinimumVisualStudioVersion = 10.0.40219.1
Project("{FAE04EC0-301F-11D3-BF4B-00C04F79EFBC}") = "MoviesList", "MoviesList\MoviesList.csproj", "{CEF53BFF-79A9-44A1-B8D6-D96127CCEA45}"
EndProject
Global
	GlobalSection(SolutionConfigurationPlatforms) = preSolution
		Debug|Any CPU = Debug|Any CPU
		Release|Any CPU = Release|Any CPU
	EndGlobalSection
	GlobalSection(ProjectConfigurationPlatforms) = postSolution
		{CEF53BFF-79A9-44A1-B8D6-D96127CCEA45}.Debug|Any CPU.ActiveCfg = Debug|Any CPU
		{CEF53BFF-79A9-44A1-B8D6-D96127CCEA45}.Debug|Any CPU.Build.0 = Debug|Any CPU
		{CEF53BFF-79A9-44A1-B8D6-D96127CCEA45}.Release|Any CPU.ActiveCfg = Release|Any CPU
		{CEF53BFF-79A9-44A1-B8D6-D96127CCEA45}.Release|Any CPU.Build.0 = Release|Any CPU
	EndGlobalSection
	GlobalSection(SolutionProperties) = preSolution
		HideSolutionNode = FALSE
	EndGlobalSection
	GlobalSection(ExtensibilityGlobals) = postSolution
		SolutionGuid = {C077F02F-AA0E-47BD-91F5-AF28D9794C84}
	EndGlobalSection
EndGlobal
